Microsoft Visual Studio Solution File, Format Version 12.00
# Visual Studio Version 17
VisualStudioVersion = 17.5.2.0
MinimumVisualStudioVersion = 10.0.40219.1
Project("{FAE04EC0-301F-11D3-BF4B-00C04F79EFBC}") = "CodeSync.Auth", "CodeSync.Auth.csproj", "{B57B3175-6BDF-07B5-10B6-67D351B1D24B}"
EndProject
Global
	GlobalSection(SolutionConfigurationPlatforms) = preSolution
		Debug|Any CPU = Debug|Any CPU
		Release|Any CPU = Release|Any CPU
	EndGlobalSection
	GlobalSection(ProjectConfigurationPlatforms) = postSolution
		{B57B3175-6BDF-07B5-10B6-67D351B1D24B}.Debug|Any CPU.ActiveCfg = Debug|Any CPU
		{B57B3175-6BDF-07B5-10B6-67D351B1D24B}.Debug|Any CPU.Build.0 = Debug|Any CPU
		{B57B3175-6BDF-07B5-10B6-67D351B1D24B}.Release|Any CPU.ActiveCfg = Release|Any CPU
		{B57B3175-6BDF-07B5-10B6-67D351B1D24B}.Release|Any CPU.Build.0 = Release|Any CPU
	EndGlobalSection
	GlobalSection(SolutionProperties) = preSolution
		HideSolutionNode = FALSE
	EndGlobalSection
	GlobalSection(ExtensibilityGlobals) = postSolution
		SolutionGuid = {8FD9CB2E-E7A1-472D-BF58-6548F277F90B}
	EndGlobalSection
EndGlobal
